
Microsoft Visual Studio Solution File, Format Version 12.00
# Visual Studio Version 17
VisualStudioVersion = 17.1.32319.34
MinimumVisualStudioVersion = 10.0.40219.1
Project("{FAE04EC0-301F-11D3-BF4B-00C04F79EFBC}") = "MyBikesFactory.Business", "MyBikesFactory.Business\MyBikesFactory.Business.csproj", "{49F61E03-C782-4032-BA56-78EE1C7DD382}"
EndProject
Project("{FAE04EC0-301F-11D3-BF4B-00C04F79EFBC}") = "MyBikesFactory.Data", "MyBikesFactory.Data\MyBikesFactory.Data.csproj", "{3F7E892D-FBF3-4DFC-BE56-9A32DA0911F6}"
EndProject
Project("{FAE04EC0-301F-11D3-BF4B-00C04F79EFBC}") = "MyBikesFactory.UI", "MyBikesFactory.UI\MyBikesFactory.UI.csproj", "{8AA78B08-4BF7-4CFA-89CA-B07D0D61906E}"
EndProject
Global
	GlobalSection(SolutionConfigurationPlatforms) = preSolution
		Debug|Any CPU = Debug|Any CPU
		Release|Any CPU = Release|Any CPU
	EndGlobalSection
	GlobalSection(ProjectConfigurationPlatforms) = postSolution
		{49F61E03-C782-4032-BA56-78EE1C7DD382}.Debug|Any CPU.ActiveCfg = Debug|Any CPU
		{49F61E03-C782-4032-BA56-78EE1C7DD382}.Debug|Any CPU.Build.0 = Debug|Any CPU
		{49F61E03-C782-4032-BA56-78EE1C7DD382}.Release|Any CPU.ActiveCfg = Release|Any CPU
		{49F61E03-C782-4032-BA56-78EE1C7DD382}.Release|Any CPU.Build.0 = Release|Any CPU
		{3F7E892D-FBF3-4DFC-BE56-9A32DA0911F6}.Debug|Any CPU.ActiveCfg = Debug|Any CPU
		{3F7E892D-FBF3-4DFC-BE56-9A32DA0911F6}.Debug|Any CPU.Build.0 = Debug|Any CPU
		{3F7E892D-FBF3-4DFC-BE56-9A32DA0911F6}.Release|Any CPU.ActiveCfg = Release|Any CPU
		{3F7E892D-FBF3-4DFC-BE56-9A32DA0911F6}.Release|Any CPU.Build.0 = Release|Any CPU
		{8AA78B08-4BF7-4CFA-89CA-B07D0D61906E}.Debug|Any CPU.ActiveCfg = Debug|Any CPU
		{8AA78B08-4BF7-4CFA-89CA-B07D0D61906E}.Debug|Any CPU.Build.0 = Debug|Any CPU
		{8AA78B08-4BF7-4CFA-89CA-B07D0D61906E}.Release|Any CPU.ActiveCfg = Release|Any CPU
		{8AA78B08-4BF7-4CFA-89CA-B07D0D61906E}.Release|Any CPU.Build.0 = Release|Any CPU
	EndGlobalSection
	GlobalSection(SolutionProperties) = preSolution
		HideSolutionNode = FALSE
	EndGlobalSection
	GlobalSection(ExtensibilityGlobals) = postSolution
		SolutionGuid = {ED782605-8A0C-4500-B4E3-8E21E47ABB4D}
	EndGlobalSection
EndGlobal
